// !$*UTF8*$!
{
	archiveVersion = 1;
	classes = {
	};
	objectVersion = 46;
	objects = {

/* Begin PBXBuildFile section */
		EE6B1B761AAE1D0800745360 /* PlayRecordingViewController.swift in Sources */ = {isa = PBXBuildFile; fileRef = EE6B1B751AAE1D0800745360 /* PlayRecordingViewController.swift */; };
		EE6B1B781AAE291C00745360 /* movie_quote.mp3 in Resources */ = {isa = PBXBuildFile; fileRef = EE6B1B771AAE291C00745360 /* movie_quote.mp3 */; };
		EE70F7401AAD289500484C48 /* AppDelegate.swift in Sources */ = {isa = PBXBuildFile; fileRef = EE70F73F1AAD289500484C48 /* AppDelegate.swift */; };
		EE70F7421AAD289500484C48 /* VoiceRecordController.swift in Sources */ = {isa = PBXBuildFile; fileRef = EE70F7411AAD289500484C48 /* VoiceRecordController.swift */; };
		EE70F7451AAD289500484C48 /* Main.storyboard in Resources */ = {isa = PBXBuildFile; fileRef = EE70F7431AAD289500484C48 /* Main.storyboard */; };
		EE70F74A1AAD289500484C48 /* LaunchScreen.xib in Resources */ = {isa = PBXBuildFile; fileRef = EE70F7481AAD289500484C48 /* LaunchScreen.xib */; };
		EE70F7561AAD289500484C48 /* Pitch_PerfectTests.swift in Sources */ = {isa = PBXBuildFile; fileRef = EE70F7551AAD289500484C48 /* Pitch_PerfectTests.swift */; };
		EE70F7601AAD33CE00484C48 /* Images.xcassets in Resources */ = {isa = PBXBuildFile; fileRef = EE70F75F1AAD33CE00484C48 /* Images.xcassets */; };
		EEFCBE851AAE4CD600BCF864 /* RecordedAudio.swift in Sources */ = {isa = PBXBuildFile; fileRef = EEFCBE841AAE4CD600BCF864 /* RecordedAudio.swift */; };
/* End PBXBuildFile section */

/* Begin PBXContainerItemProxy section */
		EE70F7501AAD289500484C48 /* PBXContainerItemProxy */ = {
			isa = PBXContainerItemProxy;
			containerPortal = EE70F7321AAD289500484C48 /* Project object */;
			proxyType = 1;
			remoteGlobalIDString = EE70F7391AAD289500484C48;
			remoteInfo = "Pitch Perfect";
		};
/* End PBXContainerItemProxy section */

/* Begin PBXFileReference section */
		EE6B1B751AAE1D0800745360 /* PlayRecordingViewController.swift */ = {isa = PBXFileReference; fileEncoding = 4; lastKnownFileType = sourcecode.swift; path = PlayRecordingViewController.swift; sourceTree = "<group>"; };
		EE6B1B771AAE291C00745360 /* movie_quote.mp3 */ = {isa = PBXFileReference; lastKnownFileType = audio.mp3; path = movie_quote.mp3; sourceTree = "<group>"; };
		EE70F73A1AAD289500484C48 /* Pitch Perfect.app */ = {isa = PBXFileReference; explicitFileType = wrapper.application; includeInIndex = 0; path = "Pitch Perfect.app"; sourceTree = BUILT_PRODUCTS_DIR; };
		EE70F73E1AAD289500484C48 /* Info.plist */ = {isa = PBXFileReference; lastKnownFileType = text.plist.xml; path = Info.plist; sourceTree = "<group>"; };
		EE70F73F1AAD289500484C48 /* AppDelegate.swift */ = {isa = PBXFileReference; lastKnownFileType = sourcecode.swift; path = AppDelegate.swift; sourceTree = "<group>"; };
		EE70F7411AAD289500484C48 /* VoiceRecordController.swift */ = {isa = PBXFileReference; lastKnownFileType = sourcecode.swift; path = VoiceRecordController.swift; sourceTree = "<group>"; };
		EE70F7441AAD289500484C48 /* Base */ = {isa = PBXFileReference; lastKnownFileType = file.storyboard; name = Base; path = Base.lproj/Main.storyboard; sourceTree = "<group>"; };
		EE70F7491AAD289500484C48 /* Base */ = {isa = PBXFileReference; lastKnownFileType = file.xib; name = Base; path = Base.lproj/LaunchScreen.xib; sourceTree = "<group>"; };
		EE70F74F1AAD289500484C48 /* Pitch PerfectTests.xctest */ = {isa = PBXFileReference; explicitFileType = wrapper.cfbundle; includeInIndex = 0; path = "Pitch PerfectTests.xctest"; sourceTree = BUILT_PRODUCTS_DIR; };
		EE70F7541AAD289500484C48 /* Info.plist */ = {isa = PBXFileReference; lastKnownFileType = text.plist.xml; path = Info.plist; sourceTree = "<group>"; };
		EE70F7551AAD289500484C48 /* Pitch_PerfectTests.swift */ = {isa = PBXFileReference; lastKnownFileType = sourcecode.swift; path = Pitch_PerfectTests.swift; sourceTree = "<group>"; };
		EE70F75F1AAD33CE00484C48 /* Images.xcassets */ = {isa = PBXFileReference; lastKnownFileType = folder.assetcatalog; path = Images.xcassets; sourceTree = "<group>"; };
		EEFCBE841AAE4CD600BCF864 /* RecordedAudio.swift */ = {isa = PBXFileReference; fileEncoding = 4; lastKnownFileType = sourcecode.swift; path = RecordedAudio.swift; sourceTree = "<group>"; };
/* End PBXFileReference section */

/* Begin PBXFrameworksBuildPhase section */
		EE70F7371AAD289500484C48 /* Frameworks */ = {
			isa = PBXFrameworksBuildPhase;
			buildActionMask = 2147483647;
			files = (
			);
			runOnlyForDeploymentPostprocessing = 0;
		};
		EE70F74C1AAD289500484C48 /* Frameworks */ = {
			isa = PBXFrameworksBuildPhase;
			buildActionMask = 2147483647;
			files = (
			);
			runOnlyForDeploymentPostprocessing = 0;
		};
/* End PBXFrameworksBuildPhase section */

/* Begin PBXGroup section */
		EE70F7311AAD289500484C48 = {
			isa = PBXGroup;
			children = (
				EE70F73C1AAD289500484C48 /* Pitch Perfect */,
				EE70F7521AAD289500484C48 /* Pitch PerfectTests */,
				EE70F73B1AAD289500484C48 /* Products */,
			);
			sourceTree = "<group>";
		};
		EE70F73B1AAD289500484C48 /* Products */ = {
			isa = PBXGroup;
			children = (
				EE70F73A1AAD289500484C48 /* Pitch Perfect.app */,
				EE70F74F1AAD289500484C48 /* Pitch PerfectTests.xctest */,
			);
			name = Products;
			sourceTree = "<group>";
		};
		EE70F73C1AAD289500484C48 /* Pitch Perfect */ = {
			isa = PBXGroup;
			children = (
				EE70F73F1AAD289500484C48 /* AppDelegate.swift */,
				EE70F7411AAD289500484C48 /* VoiceRecordController.swift */,
				EE6B1B751AAE1D0800745360 /* PlayRecordingViewController.swift */,
				EE70F7431AAD289500484C48 /* Main.storyboard */,
				EEFCBE841AAE4CD600BCF864 /* RecordedAudio.swift */,
				EE70F75F1AAD33CE00484C48 /* Images.xcassets */,
				EE70F7481AAD289500484C48 /* LaunchScreen.xib */,
				EE70F73D1AAD289500484C48 /* Supporting Files */,
			);
			path = "Pitch Perfect";
			sourceTree = "<group>";
		};
		EE70F73D1AAD289500484C48 /* Supporting Files */ = {
			isa = PBXGroup;
			children = (
				EE6B1B771AAE291C00745360 /* movie_quote.mp3 */,
				EE70F73E1AAD289500484C48 /* Info.plist */,
			);
			name = "Supporting Files";
			sourceTree = "<group>";
		};
		EE70F7521AAD289500484C48 /* Pitch PerfectTests */ = {
			isa = PBXGroup;
			children = (
				EE70F7551AAD289500484C48 /* Pitch_PerfectTests.swift */,
				EE70F7531AAD289500484C48 /* Supporting Files */,
			);
			path = "Pitch PerfectTests";
			sourceTree = "<group>";
		};
		EE70F7531AAD289500484C48 /* Supporting Files */ = {
			isa = PBXGroup;
			children = (
				EE70F7541AAD289500484C48 /* Info.plist */,
			);
			name = "Supporting Files";
			sourceTree = "<group>";
		};
/* End PBXGroup section */

/* Begin PBXNativeTarget section */
		EE70F7391AAD289500484C48 /* Pitch Perfect */ = {
			isa = PBXNativeTarget;
			buildConfigurationList = EE70F7591AAD289500484C48 /* Build configuration list for PBXNativeTarget "Pitch Perfect" */;
			buildPhases = (
				EE70F7361AAD289500484C48 /* Sources */,
				EE70F7371AAD289500484C48 /* Frameworks */,
				EE70F7381AAD289500484C48 /* Resources */,
			);
			buildRules = (
			);
			dependencies = (
			);
			name = "Pitch Perfect";
			productName = "Pitch Perfect";
			productReference = EE70F73A1AAD289500484C48 /* Pitch Perfect.app */;
			productType = "com.apple.product-type.application";
		};
		EE70F74E1AAD289500484C48 /* Pitch PerfectTests */ = {
			isa = PBXNativeTarget;
			buildConfigurationList = EE70F75C1AAD289500484C48 /* Build configuration list for PBXNativeTarget "Pitch PerfectTests" */;
			buildPhases = (
				EE70F74B1AAD289500484C48 /* Sources */,
				EE70F74C1AAD289500484C48 /* Frameworks */,
				EE70F74D1AAD289500484C48 /* Resources */,
			);
			buildRules = (
			);
			dependencies = (
				EE70F7511AAD289500484C48 /* PBXTargetDependency */,
			);
			name = "Pitch PerfectTests";
			productName = "Pitch PerfectTests";
			productReference = EE70F74F1AAD289500484C48 /* Pitch PerfectTests.xctest */;
			productType = "com.apple.product-type.bundle.unit-test";
		};
/* End PBXNativeTarget section */

/* Begin PBXProject section */
		EE70F7321AAD289500484C48 /* Project object */ = {
			isa = PBXProject;
			attributes = {
				LastUpgradeCheck = 0610;
				ORGANIZATIONNAME = "Zhuoxiang Ying";
				TargetAttributes = {
					EE70F7391AAD289500484C48 = {
						CreatedOnToolsVersion = 6.1.1;
						DevelopmentTeam = 5B9T99GKCY;
					};
					EE70F74E1AAD289500484C48 = {
						CreatedOnToolsVersion = 6.1.1;
						DevelopmentTeam = 5B9T99GKCY;
						TestTargetID = EE70F7391AAD289500484C48;
					};
				};
			};
			buildConfigurationList = EE70F7351AAD289500484C48 /* Build configuration list for PBXProject "Pitch Perfect" */;
			compatibilityVersion = "Xcode 3.2";
			developmentRegion = English;
			hasScannedForEncodings = 0;
			knownRegions = (
				en,
				Base,
			);
			mainGroup = EE70F7311AAD289500484C48;
			productRefGroup = EE70F73B1AAD289500484C48 /* Products */;
			projectDirPath = "";
			projectRoot = "";
			targets = (
				EE70F7391AAD289500484C48 /* Pitch Perfect */,
				EE70F74E1AAD289500484C48 /* Pitch PerfectTests */,
			);
		};
/* End PBXProject section */

/* Begin PBXResourcesBuildPhase section */
		EE70F7381AAD289500484C48 /* Resources */ = {
			isa = PBXResourcesBuildPhase;
			buildActionMask = 2147483647;
			files = (
				EE70F7601AAD33CE00484C48 /* Images.xcassets in Resources */,
				EE70F7451AAD289500484C48 /* Main.storyboard in Resources */,
				EE6B1B781AAE291C00745360 /* movie_quote.mp3 in Resources */,
				EE70F74A1AAD289500484C48 /* LaunchScreen.xib in Resources */,
			);
			runOnlyForDeploymentPostprocessing = 0;
		};
		EE70F74D1AAD289500484C48 /* Resources */ = {
			isa = PBXResourcesBuildPhase;
			buildActionMask = 2147483647;
			files = (
			);
			runOnlyForDeploymentPostprocessing = 0;
		};
/* End PBXResourcesBuildPhase section */

/* Begin PBXSourcesBuildPhase section */
		EE70F7361AAD289500484C48 /* Sources */ = {
			isa = PBXSourcesBuildPhase;
			buildActionMask = 2147483647;
			files = (
				EEFCBE851AAE4CD600BCF864 /* RecordedAudio.swift in Sources */,
				EE6B1B761AAE1D0800745360 /* PlayRecordingViewController.swift in Sources */,
				EE70F7421AAD289500484C48 /* VoiceRecordController.swift in Sources */,
				EE70F7401AAD289500484C48 /* AppDelegate.swift in Sources */,
			);
			runOnlyForDeploymentPostprocessing = 0;
		};
		EE70F74B1AAD289500484C48 /* Sources */ = {
			isa = PBXSourcesBuildPhase;
			buildActionMask = 2147483647;
			files = (
				EE70F7561AAD289500484C48 /* Pitch_PerfectTests.swift in Sources */,
			);
			runOnlyForDeploymentPostprocessing = 0;
		};
/* End PBXSourcesBuildPhase section */

/* Begin PBXTargetDependency section */
		EE70F7511AAD289500484C48 /* PBXTargetDependency */ = {
			isa = PBXTargetDependency;
			target = EE70F7391AAD289500484C48 /* Pitch Perfect */;
			targetProxy = EE70F7501AAD289500484C48 /* PBXContainerItemProxy */;
		};
/* End PBXTargetDependency section */

/* Begin PBXVariantGroup section */
		EE70F7431AAD289500484C48 /* Main.storyboard */ = {
			isa = PBXVariantGroup;
			children = (
				EE70F7441AAD289500484C48 /* Base */,
			);
			name = Main.storyboard;
			sourceTree = "<group>";
		};
		EE70F7481AAD289500484C48 /* LaunchScreen.xib */ = {
			isa = PBXVariantGroup;
			children = (
				EE70F7491AAD289500484C48 /* Base */,
			);
			name = LaunchScreen.xib;
			sourceTree = "<group>";
		};
/* End PBXVariantGroup section */

/* Begin XCBuildConfiguration section */
		EE70F7571AAD289500484C48 /* Debug */ = {
			isa = XCBuildConfiguration;
			buildSettings = {
				ALWAYS_SEARCH_USER_PATHS = NO;
				CLANG_CXX_LANGUAGE_STANDARD = "gnu++0x";
				CLANG_CXX_LIBRARY = "libc++";
				CLANG_ENABLE_MODULES = YES;
				CLANG_ENABLE_OBJC_ARC = YES;
				CLANG_WARN_BOOL_CONVERSION = YES;
				CLANG_WARN_CONSTANT_CONVERSION = YES;
				CLANG_WARN_DIRECT_OBJC_ISA_USAGE = YES_ERROR;
				CLANG_WARN_EMPTY_BODY = YES;
				CLANG_WARN_ENUM_CONVERSION = YES;
				CLANG_WARN_INT_CONVERSION = YES;
				CLANG_WARN_OBJC_ROOT_CLASS = YES_ERROR;
				CLANG_WARN_UNREACHABLE_CODE = YES;
				CLANG_WARN__DUPLICATE_METHOD_MATCH = YES;
				"CODE_SIGN_IDENTITY[sdk=iphoneos*]" = "iPhone Developer";
				COPY_PHASE_STRIP = NO;
				ENABLE_STRICT_OBJC_MSGSEND = YES;
				GCC_C_LANGUAGE_STANDARD = gnu99;
				GCC_DYNAMIC_NO_PIC = NO;
				GCC_OPTIMIZATION_LEVEL = 0;
				GCC_PREPROCESSOR_DEFINITIONS = (
					"DEBUG=1",
					"$(inherited)",
				);
				GCC_SYMBOLS_PRIVATE_EXTERN = NO;
				GCC_WARN_64_TO_32_BIT_CONVERSION = YES;
				GCC_WARN_ABOUT_RETURN_TYPE = YES_ERROR;
				GCC_WARN_UNDECLARED_SELECTOR = YES;
				GCC_WARN_UNINITIALIZED_AUTOS = YES_AGGRESSIVE;
				GCC_WARN_UNUSED_FUNCTION = YES;
				GCC_WARN_UNUSED_VARIABLE = YES;
				IPHONEOS_DEPLOYMENT_TARGET = 8.1;
				MTL_ENABLE_DEBUG_INFO = YES;
				ONLY_ACTIVE_ARCH = YES;
				SDKROOT = iphoneos;
				SWIFT_OPTIMIZATION_LEVEL = "-Onone";
			};
			name = Debug;
		};
		EE70F7581AAD289500484C48 /* Release */ = {
			isa = XCBuildConfiguration;
			buildSettings = {
				ALWAYS_SEARCH_USER_PATHS = NO;
				CLANG_CXX_LANGUAGE_STANDARD = "gnu++0x";
				CLANG_CXX_LIBRARY = "libc++";
				CLANG_ENABLE_MODULES = YES;
				CLANG_ENABLE_OBJC_ARC = YES;
				CLANG_WARN_BOOL_CONVERSION = YES;
				CLANG_WARN_CONSTANT_CONVERSION = YES;
				CLANG_WARN_DIRECT_OBJC_ISA_USAGE = YES_ERROR;
				CLANG_WARN_EMPTY_BODY = YES;
				CLANG_WARN_ENUM_CONVERSION = YES;
				CLANG_WARN_INT_CONVERSION = YES;
				CLANG_WARN_OBJC_ROOT_CLASS = YES_ERROR;
				CLANG_WARN_UNREACHABLE_CODE = YES;
				CLANG_WARN__DUPLICATE_METHOD_MATCH = YES;
				"CODE_SIGN_IDENTITY[sdk=iphoneos*]" = "iPhone Developer";
				COPY_PHASE_STRIP = YES;
				ENABLE_NS_ASSERTIONS = NO;
				ENABLE_STRICT_OBJC_MSGSEND = YES;
				GCC_C_LANGUAGE_STANDARD = gnu99;
				GCC_WARN_64_TO_32_BIT_CONVERSION = YES;
				GCC_WARN_ABOUT_RETURN_TYPE = YES_ERROR;
				GCC_WARN_UNDECLARED_SELECTOR = YES;
				GCC_WARN_UNINITIALIZED_AUTOS = YES_AGGRESSIVE;
				GCC_WARN_UNUSED_FUNCTION = YES;
				GCC_WARN_UNUSED_VARIABLE = YES;
				IPHONEOS_DEPLOYMENT_TARGET = 8.1;
				MTL_ENABLE_DEBUG_INFO = NO;
				SDKROOT = iphoneos;
				VALIDATE_PRODUCT = YES;
			};
			name = Release;
		};
		EE70F75A1AAD289500484C48 /* Debug */ = {
			isa = XCBuildConfiguration;
			buildSettings = {
				ASSETCATALOG_COMPILER_APPICON_NAME = AppIcon;
				INFOPLIST_FILE = "Pitch Perfect/Info.plist";
				LD_RUNPATH_SEARCH_PATHS = "$(inherited) @executable_path/Frameworks";
				PRODUCT_NAME = "$(TARGET_NAME)";
			};
			name = Debug;
		};
		EE70F75B1AAD289500484C48 /* Release */ = {
			isa = XCBuildConfiguration;
			buildSettings = {
				ASSETCATALOG_COMPILER_APPICON_NAME = AppIcon;
				INFOPLIST_FILE = "Pitch Perfect/Info.plist";
				LD_RUNPATH_SEARCH_PATHS = "$(inherited) @executable_path/Frameworks";
				PRODUCT_NAME = "$(TARGET_NAME)";
			};
			name = Release;
		};
		EE70F75D1AAD289500484C48 /* Debug */ = {
			isa = XCBuildConfiguration;
			buildSettings = {
				BUNDLE_LOADER = "$(TEST_HOST)";
				CODE_SIGN_IDENTITY = "iPhone Developer";
				"CODE_SIGN_IDENTITY[sdk=iphoneos*]" = "iPhone Developer";
				FRAMEWORK_SEARCH_PATHS = (
					"$(SDKROOT)/Developer/Library/Frameworks",
					"$(inherited)",
				);
				GCC_PREPROCESSOR_DEFINITIONS = (
					"DEBUG=1",
					"$(inherited)",
				);
				INFOPLIST_FILE = "Pitch PerfectTests/Info.plist";
				LD_RUNPATH_SEARCH_PATHS = "$(inherited) @executable_path/Frameworks @loader_path/Frameworks";
				PRODUCT_NAME = "$(TARGET_NAME)";
				PROVISIONING_PROFILE = "";
				TEST_HOST = "$(BUILT_PRODUCTS_DIR)/Pitch Perfect.app/Pitch Perfect";
			};
			name = Debug;
		};
		EE70F75E1AAD289500484C48 /* Release */ = {
			isa = XCBuildConfiguration;
			buildSettings = {
				BUNDLE_LOADER = "$(TEST_HOST)";
				CODE_SIGN_IDENTITY = "iPhone Developer";
				"CODE_SIGN_IDENTITY[sdk=iphoneos*]" = "iPhone Developer";
				FRAMEWORK_SEARCH_PATHS = (
					"$(SDKROOT)/Developer/Library/Frameworks",
					"$(inherited)",
				);
				INFOPLIST_FILE = "Pitch PerfectTests/Info.plist";
				LD_RUNPATH_SEARCH_PATHS = "$(inherited) @executable_path/Frameworks @loader_path/Frameworks";
				PRODUCT_NAME = "$(TARGET_NAME)";
				PROVISIONING_PROFILE = "";
				TEST_HOST = "$(BUILT_PRODUCTS_DIR)/Pitch Perfect.app/Pitch Perfect";
			};
			name = Release;
		};
/* End XCBuildConfiguration section */

/* Begin XCConfigurationList section */
		EE70F7351AAD289500484C48 /* Build configuration list for PBXProject "Pitch Perfect" */ = {
			isa = XCConfigurationList;
			buildConfigurations = (
				EE70F7571AAD289500484C48 /* Debug */,
				EE70F7581AAD289500484C48 /* Release */,
			);
			defaultConfigurationIsVisible = 0;
			defaultConfigurationName = Release;
		};
		EE70F7591AAD289500484C48 /* Build configuration list for PBXNativeTarget "Pitch Perfect" */ = {
			isa = XCConfigurationList;
			buildConfigurations = (
				EE70F75A1AAD289500484C48 /* Debug */,
				EE70F75B1AAD289500484C48 /* Release */,
			);
			defaultConfigurationIsVisible = 0;
			defaultConfigurationName = Release;
		};
		EE70F75C1AAD289500484C48 /* Build configuration list for PBXNativeTarget "Pitch PerfectTests" */ = {
			isa = XCConfigurationList;
			buildConfigurations = (
				EE70F75D1AAD289500484C48 /* Debug */,
				EE70F75E1AAD289500484C48 /* Release */,
			);
			defaultConfigurationIsVisible = 0;
			defaultConfigurationName = Release;
		};
/* End XCConfigurationList section */
	};
	rootObject = EE70F7321AAD289500484C48 /* Project object */;
}
